
Microsoft Visual Studio Solution File, Format Version 12.00
# Visual Studio Version 17
VisualStudioVersion = 17.8.34511.84
MinimumVisualStudioVersion = 10.0.40219.1
Project("{FAE04EC0-301F-11D3-BF4B-00C04F79EFBC}") = "OOP-Auto-Implemented-Properties", "OOP-Auto-Implemented-Properties\OOP-Auto-Implemented-Properties.csproj", "{A49BDC27-A163-4EF2-A449-C1BBB46ABCF6}"
EndProject
Global
	GlobalSection(SolutionConfigurationPlatforms) = preSolution
		Debug|Any CPU = Debug|Any CPU
		Release|Any CPU = Release|Any CPU
	EndGlobalSection
	GlobalSection(ProjectConfigurationPlatforms) = postSolution
		{A49BDC27-A163-4EF2-A449-C1BBB46ABCF6}.Debug|Any CPU.ActiveCfg = Debug|Any CPU
		{A49BDC27-A163-4EF2-A449-C1BBB46ABCF6}.Debug|Any CPU.Build.0 = Debug|Any CPU
		{A49BDC27-A163-4EF2-A449-C1BBB46ABCF6}.Release|Any CPU.ActiveCfg = Release|Any CPU
		{A49BDC27-A163-4EF2-A449-C1BBB46ABCF6}.Release|Any CPU.Build.0 = Release|Any CPU
	EndGlobalSection
	GlobalSection(SolutionProperties) = preSolution
		HideSolutionNode = FALSE
	EndGlobalSection
	GlobalSection(ExtensibilityGlobals) = postSolution
		SolutionGuid = {7A895D6B-43B7-47E0-9973-A281A4C83A33}
	EndGlobalSection
EndGlobal
